
Microsoft Visual Studio Solution File, Format Version 12.00
Project("{FAE04EC0-301F-11D3-BF4B-00C04F79EFBC}") = "Algorithms_Library", "Algorithms_Library.csproj", "{2614704D-E361-4533-B609-22EB7EAD5887}"
EndProject
Global
	GlobalSection(SolutionConfigurationPlatforms) = preSolution
		Debug|Any CPU = Debug|Any CPU
		Release|Any CPU = Release|Any CPU
	EndGlobalSection
	GlobalSection(ProjectConfigurationPlatforms) = postSolution
		{2614704D-E361-4533-B609-22EB7EAD5887}.Debug|Any CPU.ActiveCfg = Debug|Any CPU
		{2614704D-E361-4533-B609-22EB7EAD5887}.Debug|Any CPU.Build.0 = Debug|Any CPU
		{2614704D-E361-4533-B609-22EB7EAD5887}.Release|Any CPU.ActiveCfg = Release|Any CPU
		{2614704D-E361-4533-B609-22EB7EAD5887}.Release|Any CPU.Build.0 = Release|Any CPU
	EndGlobalSection
EndGlobal
